name: Remove Block

on:
  push:
    branches:
      - main

jobs:
  removeBlock:
    runs-on: ubuntu-latest

    steps:
      - name: Checkout code
        uses: actions/checkout@v2

      - name: Setup Node.js
        uses: actions/setup-node@v2
        with:
          node-version: '14'

      - name: Run custom action
        run: |
          cd ${{ github.workspace }}
          node removeBlock.js ${{ secrets.PAGE_NAME }} ${{ secrets.BLOCK_NAME }}
        env:
          NODE_OPTIONS: "--max-old-space-size=4096" # Use this if the script requires more memory
